
Microsoft Visual Studio Solution File, Format Version 12.00
# Visual Studio Version 17
VisualStudioVersion = 17.10.35027.167
MinimumVisualStudioVersion = 10.0.40219.1
Project("{FAE04EC0-301F-11D3-BF4B-00C04F79EFBC}") = "WebUnivesityStudentApp", "WebUnivesityStudentApp.csproj", "{60DB87DD-DB33-461D-8C89-99C571ECB7DF}"
EndProject
Global
	GlobalSection(SolutionConfigurationPlatforms) = preSolution
		Debug|Any CPU = Debug|Any CPU
		Release|Any CPU = Release|Any CPU
	EndGlobalSection
	GlobalSection(ProjectConfigurationPlatforms) = postSolution
		{60DB87DD-DB33-461D-8C89-99C571ECB7DF}.Debug|Any CPU.ActiveCfg = Debug|Any CPU
		{60DB87DD-DB33-461D-8C89-99C571ECB7DF}.Debug|Any CPU.Build.0 = Debug|Any CPU
		{60DB87DD-DB33-461D-8C89-99C571ECB7DF}.Release|Any CPU.ActiveCfg = Release|Any CPU
		{60DB87DD-DB33-461D-8C89-99C571ECB7DF}.Release|Any CPU.Build.0 = Release|Any CPU
	EndGlobalSection
	GlobalSection(SolutionProperties) = preSolution
		HideSolutionNode = FALSE
	EndGlobalSection
	GlobalSection(ExtensibilityGlobals) = postSolution
		SolutionGuid = {473FFA88-418C-4BD1-81BD-156C0724C52B}
	EndGlobalSection
EndGlobal
